{
  "name": "front-end-user",
  "version": "1.0.0",
  "lockfileVersion": 1,
  "requires": true,
  "dependencies": {
    "angular": {
      "version": "1.7.5",
      "resolved": "https://packages.it.lan.com:443/artifactory/api/npm/lnpm/angular/-/angular-1.7.5.tgz",
      "integrity": "sha1-0cHAHG9dyDVjjz+apRAShXvaxJ4="
    }
  }
}
